
Microsoft Visual Studio Solution File, Format Version 12.00
# Visual Studio Version 17
VisualStudioVersion = 17.3.32819.101
MinimumVisualStudioVersion = 10.0.40219.1
Project("{FAE04EC0-301F-11D3-BF4B-00C04F79EFBC}") = "StockApplication", "StockApplication\StockApplication.csproj", "{DE6540F8-BF71-438C-8C20-98740BF91176}"
EndProject
Global
	GlobalSection(SolutionConfigurationPlatforms) = preSolution
		Debug|Any CPU = Debug|Any CPU
		Release|Any CPU = Release|Any CPU
	EndGlobalSection
	GlobalSection(ProjectConfigurationPlatforms) = postSolution
		{DE6540F8-BF71-438C-8C20-98740BF91176}.Debug|Any CPU.ActiveCfg = Debug|Any CPU
		{DE6540F8-BF71-438C-8C20-98740BF91176}.Debug|Any CPU.Build.0 = Debug|Any CPU
		{DE6540F8-BF71-438C-8C20-98740BF91176}.Release|Any CPU.ActiveCfg = Release|Any CPU
		{DE6540F8-BF71-438C-8C20-98740BF91176}.Release|Any CPU.Build.0 = Release|Any CPU
	EndGlobalSection
	GlobalSection(SolutionProperties) = preSolution
		HideSolutionNode = FALSE
	EndGlobalSection
	GlobalSection(ExtensibilityGlobals) = postSolution
		SolutionGuid = {F03B2676-77B1-40AD-8CB4-A1A0C44416B6}
	EndGlobalSection
EndGlobal
