
Microsoft Visual Studio Solution File, Format Version 12.00
# Visual Studio Version 16
VisualStudioVersion = 16.0.32802.440
MinimumVisualStudioVersion = 10.0.40219.1
Project("{9A19103F-16F7-4668-BE54-9A1E7A4F7556}") = "StockApplication", "StockApplication\StockApplication.csproj", "{DE6540F8-BF71-438C-8C20-98740BF91176}"
EndProject
Project("{FAE04EC0-301F-11D3-BF4B-00C04F79EFBC}") = "TestProject1", "TestProject1\TestProject1.csproj", "{53A8BE84-7BB7-4EEF-BE58-99CD818F8BC8}"
EndProject
Global
	GlobalSection(SolutionConfigurationPlatforms) = preSolution
		Debug|Any CPU = Debug|Any CPU
		Release|Any CPU = Release|Any CPU
	EndGlobalSection
	GlobalSection(ProjectConfigurationPlatforms) = postSolution
		{DE6540F8-BF71-438C-8C20-98740BF91176}.Debug|Any CPU.ActiveCfg = Debug|Any CPU
		{DE6540F8-BF71-438C-8C20-98740BF91176}.Debug|Any CPU.Build.0 = Debug|Any CPU
		{DE6540F8-BF71-438C-8C20-98740BF91176}.Release|Any CPU.ActiveCfg = Release|Any CPU
		{DE6540F8-BF71-438C-8C20-98740BF91176}.Release|Any CPU.Build.0 = Release|Any CPU
		{53A8BE84-7BB7-4EEF-BE58-99CD818F8BC8}.Debug|Any CPU.ActiveCfg = Debug|Any CPU
		{53A8BE84-7BB7-4EEF-BE58-99CD818F8BC8}.Debug|Any CPU.Build.0 = Debug|Any CPU
		{53A8BE84-7BB7-4EEF-BE58-99CD818F8BC8}.Release|Any CPU.ActiveCfg = Release|Any CPU
		{53A8BE84-7BB7-4EEF-BE58-99CD818F8BC8}.Release|Any CPU.Build.0 = Release|Any CPU
	EndGlobalSection
	GlobalSection(SolutionProperties) = preSolution
		HideSolutionNode = FALSE
	EndGlobalSection
	GlobalSection(ExtensibilityGlobals) = postSolution
		SolutionGuid = {F03B2676-77B1-40AD-8CB4-A1A0C44416B6}
	EndGlobalSection
EndGlobal
